// !$*UTF8*$!
{
	archiveVersion = 1;
	classes = {
	};
	objectVersion = 46;
	objects = {

/* Begin PBXBuildFile section */
		8448DD321C0EDDD5007A0C5B /* AppDelegate.swift in Sources */ = {isa = PBXBuildFile; fileRef = 8448DD311C0EDDD5007A0C5B /* AppDelegate.swift */; };
		8448DD341C0EDDD6007A0C5B /* art.scnassets in Resources */ = {isa = PBXBuildFile; fileRef = 8448DD331C0EDDD6007A0C5B /* art.scnassets */; };
		8448DD361C0EDDD6007A0C5B /* GameViewController.swift in Sources */ = {isa = PBXBuildFile; fileRef = 8448DD351C0EDDD6007A0C5B /* GameViewController.swift */; };
		8448DD391C0EDDD6007A0C5B /* Main.storyboard in Resources */ = {isa = PBXBuildFile; fileRef = 8448DD371C0EDDD6007A0C5B /* Main.storyboard */; };
		8448DD3B1C0EDDD6007A0C5B /* Images.xcassets in Resources */ = {isa = PBXBuildFile; fileRef = 8448DD3A1C0EDDD6007A0C5B /* Images.xcassets */; };
		8448DD3E1C0EDDD6007A0C5B /* LaunchScreen.xib in Resources */ = {isa = PBXBuildFile; fileRef = 8448DD3C1C0EDDD6007A0C5B /* LaunchScreen.xib */; };
		8448DD4A1C0EDDD6007A0C5B /* SwiftrisTests.swift in Sources */ = {isa = PBXBuildFile; fileRef = 8448DD491C0EDDD6007A0C5B /* SwiftrisTests.swift */; };
/* End PBXBuildFile section */

/* Begin PBXContainerItemProxy section */
		8448DD441C0EDDD6007A0C5B /* PBXContainerItemProxy */ = {
			isa = PBXContainerItemProxy;
			containerPortal = 8448DD241C0EDDD5007A0C5B /* Project object */;
			proxyType = 1;
			remoteGlobalIDString = 8448DD2B1C0EDDD5007A0C5B;
			remoteInfo = Swiftris;
		};
/* End PBXContainerItemProxy section */

/* Begin PBXFileReference section */
		8448DD2C1C0EDDD5007A0C5B /* Swiftris.app */ = {isa = PBXFileReference; explicitFileType = wrapper.application; includeInIndex = 0; path = Swiftris.app; sourceTree = BUILT_PRODUCTS_DIR; };
		8448DD301C0EDDD5007A0C5B /* Info.plist */ = {isa = PBXFileReference; lastKnownFileType = text.plist.xml; path = Info.plist; sourceTree = "<group>"; };
		8448DD311C0EDDD5007A0C5B /* AppDelegate.swift */ = {isa = PBXFileReference; lastKnownFileType = sourcecode.swift; path = AppDelegate.swift; sourceTree = "<group>"; };
		8448DD331C0EDDD6007A0C5B /* art.scnassets */ = {isa = PBXFileReference; lastKnownFileType = wrapper.scnassets; path = art.scnassets; sourceTree = "<group>"; };
		8448DD351C0EDDD6007A0C5B /* GameViewController.swift */ = {isa = PBXFileReference; lastKnownFileType = sourcecode.swift; path = GameViewController.swift; sourceTree = "<group>"; };
		8448DD381C0EDDD6007A0C5B /* Base */ = {isa = PBXFileReference; lastKnownFileType = file.storyboard; name = Base; path = Base.lproj/Main.storyboard; sourceTree = "<group>"; };
		8448DD3A1C0EDDD6007A0C5B /* Images.xcassets */ = {isa = PBXFileReference; lastKnownFileType = folder.assetcatalog; path = Images.xcassets; sourceTree = "<group>"; };
		8448DD3D1C0EDDD6007A0C5B /* Base */ = {isa = PBXFileReference; lastKnownFileType = file.xib; name = Base; path = Base.lproj/LaunchScreen.xib; sourceTree = "<group>"; };
		8448DD431C0EDDD6007A0C5B /* SwiftrisTests.xctest */ = {isa = PBXFileReference; explicitFileType = wrapper.cfbundle; includeInIndex = 0; path = SwiftrisTests.xctest; sourceTree = BUILT_PRODUCTS_DIR; };
		8448DD481C0EDDD6007A0C5B /* Info.plist */ = {isa = PBXFileReference; lastKnownFileType = text.plist.xml; path = Info.plist; sourceTree = "<group>"; };
		8448DD491C0EDDD6007A0C5B /* SwiftrisTests.swift */ = {isa = PBXFileReference; lastKnownFileType = sourcecode.swift; path = SwiftrisTests.swift; sourceTree = "<group>"; };
/* End PBXFileReference section */

/* Begin PBXFrameworksBuildPhase section */
		8448DD291C0EDDD5007A0C5B /* Frameworks */ = {
			isa = PBXFrameworksBuildPhase;
			buildActionMask = 2147483647;
			files = (
			);
			runOnlyForDeploymentPostprocessing = 0;
		};
		8448DD401C0EDDD6007A0C5B /* Frameworks */ = {
			isa = PBXFrameworksBuildPhase;
			buildActionMask = 2147483647;
			files = (
			);
			runOnlyForDeploymentPostprocessing = 0;
		};
/* End PBXFrameworksBuildPhase section */

/* Begin PBXGroup section */
		8448DD231C0EDDD5007A0C5B = {
			isa = PBXGroup;
			children = (
				8448DD2E1C0EDDD5007A0C5B /* Swiftris */,
				8448DD461C0EDDD6007A0C5B /* SwiftrisTests */,
				8448DD2D1C0EDDD5007A0C5B /* Products */,
			);
			sourceTree = "<group>";
		};
		8448DD2D1C0EDDD5007A0C5B /* Products */ = {
			isa = PBXGroup;
			children = (
				8448DD2C1C0EDDD5007A0C5B /* Swiftris.app */,
				8448DD431C0EDDD6007A0C5B /* SwiftrisTests.xctest */,
			);
			name = Products;
			sourceTree = "<group>";
		};
		8448DD2E1C0EDDD5007A0C5B /* Swiftris */ = {
			isa = PBXGroup;
			children = (
				8448DD311C0EDDD5007A0C5B /* AppDelegate.swift */,
				8448DD331C0EDDD6007A0C5B /* art.scnassets */,
				8448DD351C0EDDD6007A0C5B /* GameViewController.swift */,
				8448DD371C0EDDD6007A0C5B /* Main.storyboard */,
				8448DD3A1C0EDDD6007A0C5B /* Images.xcassets */,
				8448DD3C1C0EDDD6007A0C5B /* LaunchScreen.xib */,
				8448DD2F1C0EDDD5007A0C5B /* Supporting Files */,
			);
			path = Swiftris;
			sourceTree = "<group>";
		};
		8448DD2F1C0EDDD5007A0C5B /* Supporting Files */ = {
			isa = PBXGroup;
			children = (
				8448DD301C0EDDD5007A0C5B /* Info.plist */,
			);
			name = "Supporting Files";
			sourceTree = "<group>";
		};
		8448DD461C0EDDD6007A0C5B /* SwiftrisTests */ = {
			isa = PBXGroup;
			children = (
				8448DD491C0EDDD6007A0C5B /* SwiftrisTests.swift */,
				8448DD471C0EDDD6007A0C5B /* Supporting Files */,
			);
			path = SwiftrisTests;
			sourceTree = "<group>";
		};
		8448DD471C0EDDD6007A0C5B /* Supporting Files */ = {
			isa = PBXGroup;
			children = (
				8448DD481C0EDDD6007A0C5B /* Info.plist */,
			);
			name = "Supporting Files";
			sourceTree = "<group>";
		};
/* End PBXGroup section */

/* Begin PBXNativeTarget section */
		8448DD2B1C0EDDD5007A0C5B /* Swiftris */ = {
			isa = PBXNativeTarget;
			buildConfigurationList = 8448DD4D1C0EDDD6007A0C5B /* Build configuration list for PBXNativeTarget "Swiftris" */;
			buildPhases = (
				8448DD281C0EDDD5007A0C5B /* Sources */,
				8448DD291C0EDDD5007A0C5B /* Frameworks */,
				8448DD2A1C0EDDD5007A0C5B /* Resources */,
			);
			buildRules = (
			);
			dependencies = (
			);
			name = Swiftris;
			productName = Swiftris;
			productReference = 8448DD2C1C0EDDD5007A0C5B /* Swiftris.app */;
			productType = "com.apple.product-type.application";
		};
		8448DD421C0EDDD6007A0C5B /* SwiftrisTests */ = {
			isa = PBXNativeTarget;
			buildConfigurationList = 8448DD501C0EDDD6007A0C5B /* Build configuration list for PBXNativeTarget "SwiftrisTests" */;
			buildPhases = (
				8448DD3F1C0EDDD6007A0C5B /* Sources */,
				8448DD401C0EDDD6007A0C5B /* Frameworks */,
				8448DD411C0EDDD6007A0C5B /* Resources */,
			);
			buildRules = (
			);
			dependencies = (
				8448DD451C0EDDD6007A0C5B /* PBXTargetDependency */,
			);
			name = SwiftrisTests;
			productName = SwiftrisTests;
			productReference = 8448DD431C0EDDD6007A0C5B /* SwiftrisTests.xctest */;
			productType = "com.apple.product-type.bundle.unit-test";
		};
/* End PBXNativeTarget section */

/* Begin PBXProject section */
		8448DD241C0EDDD5007A0C5B /* Project object */ = {
			isa = PBXProject;
			attributes = {
				LastUpgradeCheck = 0640;
				ORGANIZATIONNAME = admin;
				TargetAttributes = {
					8448DD2B1C0EDDD5007A0C5B = {
						CreatedOnToolsVersion = 6.4;
					};
					8448DD421C0EDDD6007A0C5B = {
						CreatedOnToolsVersion = 6.4;
						TestTargetID = 8448DD2B1C0EDDD5007A0C5B;
					};
				};
			};
			buildConfigurationList = 8448DD271C0EDDD5007A0C5B /* Build configuration list for PBXProject "Swiftris" */;
			compatibilityVersion = "Xcode 3.2";
			developmentRegion = English;
			hasScannedForEncodings = 0;
			knownRegions = (
				en,
				Base,
			);
			mainGroup = 8448DD231C0EDDD5007A0C5B;
			productRefGroup = 8448DD2D1C0EDDD5007A0C5B /* Products */;
			projectDirPath = "";
			projectRoot = "";
			targets = (
				8448DD2B1C0EDDD5007A0C5B /* Swiftris */,
				8448DD421C0EDDD6007A0C5B /* SwiftrisTests */,
			);
		};
/* End PBXProject section */

/* Begin PBXResourcesBuildPhase section */
		8448DD2A1C0EDDD5007A0C5B /* Resources */ = {
			isa = PBXResourcesBuildPhase;
			buildActionMask = 2147483647;
			files = (
				8448DD3E1C0EDDD6007A0C5B /* LaunchScreen.xib in Resources */,
				8448DD3B1C0EDDD6007A0C5B /* Images.xcassets in Resources */,
				8448DD341C0EDDD6007A0C5B /* art.scnassets in Resources */,
				8448DD391C0EDDD6007A0C5B /* Main.storyboard in Resources */,
			);
			runOnlyForDeploymentPostprocessing = 0;
		};
		8448DD411C0EDDD6007A0C5B /* Resources */ = {
			isa = PBXResourcesBuildPhase;
			buildActionMask = 2147483647;
			files = (
			);
			runOnlyForDeploymentPostprocessing = 0;
		};
/* End PBXResourcesBuildPhase section */

/* Begin PBXSourcesBuildPhase section */
		8448DD281C0EDDD5007A0C5B /* Sources */ = {
			isa = PBXSourcesBuildPhase;
			buildActionMask = 2147483647;
			files = (
				8448DD361C0EDDD6007A0C5B /* GameViewController.swift in Sources */,
				8448DD321C0EDDD5007A0C5B /* AppDelegate.swift in Sources */,
			);
			runOnlyForDeploymentPostprocessing = 0;
		};
		8448DD3F1C0EDDD6007A0C5B /* Sources */ = {
			isa = PBXSourcesBuildPhase;
			buildActionMask = 2147483647;
			files = (
				8448DD4A1C0EDDD6007A0C5B /* SwiftrisTests.swift in Sources */,
			);
			runOnlyForDeploymentPostprocessing = 0;
		};
/* End PBXSourcesBuildPhase section */

/* Begin PBXTargetDependency section */
		8448DD451C0EDDD6007A0C5B /* PBXTargetDependency */ = {
			isa = PBXTargetDependency;
			target = 8448DD2B1C0EDDD5007A0C5B /* Swiftris */;
			targetProxy = 8448DD441C0EDDD6007A0C5B /* PBXContainerItemProxy */;
		};
/* End PBXTargetDependency section */

/* Begin PBXVariantGroup section */
		8448DD371C0EDDD6007A0C5B /* Main.storyboard */ = {
			isa = PBXVariantGroup;
			children = (
				8448DD381C0EDDD6007A0C5B /* Base */,
			);
			name = Main.storyboard;
			sourceTree = "<group>";
		};
		8448DD3C1C0EDDD6007A0C5B /* LaunchScreen.xib */ = {
			isa = PBXVariantGroup;
			children = (
				8448DD3D1C0EDDD6007A0C5B /* Base */,
			);
			name = LaunchScreen.xib;
			sourceTree = "<group>";
		};
/* End PBXVariantGroup section */

/* Begin XCBuildConfiguration section */
		8448DD4B1C0EDDD6007A0C5B /* Debug */ = {
			isa = XCBuildConfiguration;
			buildSettings = {
				ALWAYS_SEARCH_USER_PATHS = NO;
				CLANG_CXX_LANGUAGE_STANDARD = "gnu++0x";
				CLANG_CXX_LIBRARY = "libc++";
				CLANG_ENABLE_MODULES = YES;
				CLANG_ENABLE_OBJC_ARC = YES;
				CLANG_WARN_BOOL_CONVERSION = YES;
				CLANG_WARN_CONSTANT_CONVERSION = YES;
				CLANG_WARN_DIRECT_OBJC_ISA_USAGE = YES_ERROR;
				CLANG_WARN_EMPTY_BODY = YES;
				CLANG_WARN_ENUM_CONVERSION = YES;
				CLANG_WARN_INT_CONVERSION = YES;
				CLANG_WARN_OBJC_ROOT_CLASS = YES_ERROR;
				CLANG_WARN_UNREACHABLE_CODE = YES;
				CLANG_WARN__DUPLICATE_METHOD_MATCH = YES;
				"CODE_SIGN_IDENTITY[sdk=iphoneos*]" = "iPhone Developer";
				COPY_PHASE_STRIP = NO;
				DEBUG_INFORMATION_FORMAT = "dwarf-with-dsym";
				ENABLE_STRICT_OBJC_MSGSEND = YES;
				GCC_C_LANGUAGE_STANDARD = gnu99;
				GCC_DYNAMIC_NO_PIC = NO;
				GCC_NO_COMMON_BLOCKS = YES;
				GCC_OPTIMIZATION_LEVEL = 0;
				GCC_PREPROCESSOR_DEFINITIONS = (
					"DEBUG=1",
					"$(inherited)",
				);
				GCC_SYMBOLS_PRIVATE_EXTERN = NO;
				GCC_WARN_64_TO_32_BIT_CONVERSION = YES;
				GCC_WARN_ABOUT_RETURN_TYPE = YES_ERROR;
				GCC_WARN_UNDECLARED_SELECTOR = YES;
				GCC_WARN_UNINITIALIZED_AUTOS = YES_AGGRESSIVE;
				GCC_WARN_UNUSED_FUNCTION = YES;
				GCC_WARN_UNUSED_VARIABLE = YES;
				IPHONEOS_DEPLOYMENT_TARGET = 8.4;
				MTL_ENABLE_DEBUG_INFO = YES;
				ONLY_ACTIVE_ARCH = YES;
				SDKROOT = iphoneos;
				SWIFT_OPTIMIZATION_LEVEL = "-Onone";
			};
			name = Debug;
		};
		8448DD4C1C0EDDD6007A0C5B /* Release */ = {
			isa = XCBuildConfiguration;
			buildSettings = {
				ALWAYS_SEARCH_USER_PATHS = NO;
				CLANG_CXX_LANGUAGE_STANDARD = "gnu++0x";
				CLANG_CXX_LIBRARY = "libc++";
				CLANG_ENABLE_MODULES = YES;
				CLANG_ENABLE_OBJC_ARC = YES;
				CLANG_WARN_BOOL_CONVERSION = YES;
				CLANG_WARN_CONSTANT_CONVERSION = YES;
				CLANG_WARN_DIRECT_OBJC_ISA_USAGE = YES_ERROR;
				CLANG_WARN_EMPTY_BODY = YES;
				CLANG_WARN_ENUM_CONVERSION = YES;
				CLANG_WARN_INT_CONVERSION = YES;
				CLANG_WARN_OBJC_ROOT_CLASS = YES_ERROR;
				CLANG_WARN_UNREACHABLE_CODE = YES;
				CLANG_WARN__DUPLICATE_METHOD_MATCH = YES;
				"CODE_SIGN_IDENTITY[sdk=iphoneos*]" = "iPhone Developer";
				COPY_PHASE_STRIP = NO;
				DEBUG_INFORMATION_FORMAT = "dwarf-with-dsym";
				ENABLE_NS_ASSERTIONS = NO;
				ENABLE_STRICT_OBJC_MSGSEND = YES;
				GCC_C_LANGUAGE_STANDARD = gnu99;
				GCC_NO_COMMON_BLOCKS = YES;
				GCC_WARN_64_TO_32_BIT_CONVERSION = YES;
				GCC_WARN_ABOUT_RETURN_TYPE = YES_ERROR;
				GCC_WARN_UNDECLARED_SELECTOR = YES;
				GCC_WARN_UNINITIALIZED_AUTOS = YES_AGGRESSIVE;
				GCC_WARN_UNUSED_FUNCTION = YES;
				GCC_WARN_UNUSED_VARIABLE = YES;
				IPHONEOS_DEPLOYMENT_TARGET = 8.4;
				MTL_ENABLE_DEBUG_INFO = NO;
				SDKROOT = iphoneos;
				VALIDATE_PRODUCT = YES;
			};
			name = Release;
		};
		8448DD4E1C0EDDD6007A0C5B /* Debug */ = {
			isa = XCBuildConfiguration;
			buildSettings = {
				ASSETCATALOG_COMPILER_APPICON_NAME = AppIcon;
				INFOPLIST_FILE = Swiftris/Info.plist;
				LD_RUNPATH_SEARCH_PATHS = "$(inherited) @executable_path/Frameworks";
				PRODUCT_NAME = "$(TARGET_NAME)";
			};
			name = Debug;
		};
		8448DD4F1C0EDDD6007A0C5B /* Release */ = {
			isa = XCBuildConfiguration;
			buildSettings = {
				ASSETCATALOG_COMPILER_APPICON_NAME = AppIcon;
				INFOPLIST_FILE = Swiftris/Info.plist;
				LD_RUNPATH_SEARCH_PATHS = "$(inherited) @executable_path/Frameworks";
				PRODUCT_NAME = "$(TARGET_NAME)";
			};
			name = Release;
		};
		8448DD511C0EDDD6007A0C5B /* Debug */ = {
			isa = XCBuildConfiguration;
			buildSettings = {
				BUNDLE_LOADER = "$(TEST_HOST)";
				FRAMEWORK_SEARCH_PATHS = (
					"$(SDKROOT)/Developer/Library/Frameworks",
					"$(inherited)",
				);
				GCC_PREPROCESSOR_DEFINITIONS = (
					"DEBUG=1",
					"$(inherited)",
				);
				INFOPLIST_FILE = SwiftrisTests/Info.plist;
				LD_RUNPATH_SEARCH_PATHS = "$(inherited) @executable_path/Frameworks @loader_path/Frameworks";
				PRODUCT_NAME = "$(TARGET_NAME)";
				TEST_HOST = "$(BUILT_PRODUCTS_DIR)/Swiftris.app/Swiftris";
			};
			name = Debug;
		};
		8448DD521C0EDDD6007A0C5B /* Release */ = {
			isa = XCBuildConfiguration;
			buildSettings = {
				BUNDLE_LOADER = "$(TEST_HOST)";
				FRAMEWORK_SEARCH_PATHS = (
					"$(SDKROOT)/Developer/Library/Frameworks",
					"$(inherited)",
				);
				INFOPLIST_FILE = SwiftrisTests/Info.plist;
				LD_RUNPATH_SEARCH_PATHS = "$(inherited) @executable_path/Frameworks @loader_path/Frameworks";
				PRODUCT_NAME = "$(TARGET_NAME)";
				TEST_HOST = "$(BUILT_PRODUCTS_DIR)/Swiftris.app/Swiftris";
			};
			name = Release;
		};
/* End XCBuildConfiguration section */

/* Begin XCConfigurationList section */
		8448DD271C0EDDD5007A0C5B /* Build configuration list for PBXProject "Swiftris" */ = {
			isa = XCConfigurationList;
			buildConfigurations = (
				8448DD4B1C0EDDD6007A0C5B /* Debug */,
				8448DD4C1C0EDDD6007A0C5B /* Release */,
			);
			defaultConfigurationIsVisible = 0;
			defaultConfigurationName = Release;
		};
		8448DD4D1C0EDDD6007A0C5B /* Build configuration list for PBXNativeTarget "Swiftris" */ = {
			isa = XCConfigurationList;
			buildConfigurations = (
				8448DD4E1C0EDDD6007A0C5B /* Debug */,
				8448DD4F1C0EDDD6007A0C5B /* Release */,
			);
			defaultConfigurationIsVisible = 0;
		};
		8448DD501C0EDDD6007A0C5B /* Build configuration list for PBXNativeTarget "SwiftrisTests" */ = {
			isa = XCConfigurationList;
			buildConfigurations = (
				8448DD511C0EDDD6007A0C5B /* Debug */,
				8448DD521C0EDDD6007A0C5B /* Release */,
			);
			defaultConfigurationIsVisible = 0;
		};
/* End XCConfigurationList section */
	};
	rootObject = 8448DD241C0EDDD5007A0C5B /* Project object */;
}
